# Code generated by scarb DO NOT EDIT.
version = 1

[[package]]
name = "garaga"
version = "0.15.3"
source = "git+https://github.com/keep-starknet-strange/garaga.git?rev=f5921e0f7e69f474ee0a88b6ecfb52252fc7cc3d#f5921e0f7e69f474ee0a88b6ecfb52252fc7cc3d"

[[package]]
name = "noirplayground"
version = "0.1.0"
dependencies = [
 "garaga",
]
